
Microsoft Visual Studio Solution File, Format Version 12.00
# Visual Studio 15
VisualStudioVersion = 15.0.26403.7
MinimumVisualStudioVersion = 10.0.40219.1
Project("{FAE04EC0-301F-11D3-BF4B-00C04F79EFBC}") = "CoreCI.CommandCenter", "CoreCI\CoreCI.CommandCenter.csproj", "{1FB2FACB-7BF3-4959-955A-D5633444E7A8}"
EndProject
Project("{FAE04EC0-301F-11D3-BF4B-00C04F79EFBC}") = "CoreCI.Common", "CoreCI.Common\CoreCI.Common.csproj", "{C8A943C3-E4DA-4D82-92C7-DEB55B2CE1ED}"
EndProject
Project("{FAE04EC0-301F-11D3-BF4B-00C04F79EFBC}") = "CoreCI.UI.API", "CoreCI.API\CoreCI.UI.API.csproj", "{56DC8A02-101A-4CE1-8404-53A0E26E3E73}"
EndProject
Project("{E53339B2-1760-4266-BCC7-CA923CBCF16C}") = "docker-compose", "docker-compose.dcproj", "{803C3EB6-C00C-4A48-BD73-DEC99CEBACEE}"
EndProject
Project("{FAE04EC0-301F-11D3-BF4B-00C04F79EFBC}") = "CoreCI.Logic", "CoreCI.Logic\CoreCI.Logic.csproj", "{50255D88-3B47-40A7-9CE3-FB243373AA97}"
EndProject
Project("{2150E333-8FDC-42A3-9474-1A3956D46DE8}") = "Modules", "Modules", "{40683A35-082F-4656-80B4-01D2E64D5881}"
EndProject
Project("{FAE04EC0-301F-11D3-BF4B-00C04F79EFBC}") = "CoreCI.Modules.Test", "CoreCi.Modules.Test\CoreCI.Modules.Test.csproj", "{B5B97F05-4314-48D6-B072-DD66045ECB6B}"
EndProject
Project("{2150E333-8FDC-42A3-9474-1A3956D46DE8}") = "Builder", "Builder", "{CD64738A-7731-4779-8E84-F591EF2F609F}"
EndProject
Project("{FAE04EC0-301F-11D3-BF4B-00C04F79EFBC}") = "CoreCI.Builder.Host", "CoreCI.Builder.Host\CoreCI.Builder.Host.csproj", "{DD5FF70E-3B7F-425F-9F78-DD2533B13AAD}"
EndProject
Project("{2150E333-8FDC-42A3-9474-1A3956D46DE8}") = "CommandCenter", "CommandCenter", "{A976EC19-904A-48A7-96F9-F02D1F7F6168}"
EndProject
Project("{FAE04EC0-301F-11D3-BF4B-00C04F79EFBC}") = "CoreCI.CommandCenter.Logic", "CoreCI.CommandCenter.Logic\CoreCI.CommandCenter.Logic.csproj", "{13D18EBA-D707-46F6-803B-81C3B9B46B9B}"
EndProject
Project("{2150E333-8FDC-42A3-9474-1A3956D46DE8}") = "UI", "UI", "{52C4341B-CD64-45BD-B947-17922FA32464}"
EndProject
Project("{FAE04EC0-301F-11D3-BF4B-00C04F79EFBC}") = "CoreCI.Builder.Logic", "CoreCI.Builder.Logic\CoreCI.Builder.Logic.csproj", "{7AE9D8D0-D79F-48F3-8CAB-F7D8A8B18A72}"
EndProject
Project("{FAE04EC0-301F-11D3-BF4B-00C04F79EFBC}") = "CoreCI.Models", "CoreCI.Models\CoreCI.Models.csproj", "{898E4F1C-3F46-4656-A51A-F4FA875D6AA0}"
EndProject
Global
	GlobalSection(SolutionConfigurationPlatforms) = preSolution
		Debug|Any CPU = Debug|Any CPU
		Release|Any CPU = Release|Any CPU
	EndGlobalSection
	GlobalSection(ProjectConfigurationPlatforms) = postSolution
		{1FB2FACB-7BF3-4959-955A-D5633444E7A8}.Debug|Any CPU.ActiveCfg = Debug|Any CPU
		{1FB2FACB-7BF3-4959-955A-D5633444E7A8}.Debug|Any CPU.Build.0 = Debug|Any CPU
		{1FB2FACB-7BF3-4959-955A-D5633444E7A8}.Release|Any CPU.ActiveCfg = Release|Any CPU
		{1FB2FACB-7BF3-4959-955A-D5633444E7A8}.Release|Any CPU.Build.0 = Release|Any CPU
		{C8A943C3-E4DA-4D82-92C7-DEB55B2CE1ED}.Debug|Any CPU.ActiveCfg = Debug|Any CPU
		{C8A943C3-E4DA-4D82-92C7-DEB55B2CE1ED}.Debug|Any CPU.Build.0 = Debug|Any CPU
		{C8A943C3-E4DA-4D82-92C7-DEB55B2CE1ED}.Release|Any CPU.ActiveCfg = Release|Any CPU
		{C8A943C3-E4DA-4D82-92C7-DEB55B2CE1ED}.Release|Any CPU.Build.0 = Release|Any CPU
		{56DC8A02-101A-4CE1-8404-53A0E26E3E73}.Debug|Any CPU.ActiveCfg = Debug|Any CPU
		{56DC8A02-101A-4CE1-8404-53A0E26E3E73}.Debug|Any CPU.Build.0 = Debug|Any CPU
		{56DC8A02-101A-4CE1-8404-53A0E26E3E73}.Release|Any CPU.ActiveCfg = Release|Any CPU
		{56DC8A02-101A-4CE1-8404-53A0E26E3E73}.Release|Any CPU.Build.0 = Release|Any CPU
		{803C3EB6-C00C-4A48-BD73-DEC99CEBACEE}.Debug|Any CPU.ActiveCfg = Debug|Any CPU
		{803C3EB6-C00C-4A48-BD73-DEC99CEBACEE}.Debug|Any CPU.Build.0 = Debug|Any CPU
		{803C3EB6-C00C-4A48-BD73-DEC99CEBACEE}.Release|Any CPU.ActiveCfg = Release|Any CPU
		{803C3EB6-C00C-4A48-BD73-DEC99CEBACEE}.Release|Any CPU.Build.0 = Release|Any CPU
		{50255D88-3B47-40A7-9CE3-FB243373AA97}.Debug|Any CPU.ActiveCfg = Debug|Any CPU
		{50255D88-3B47-40A7-9CE3-FB243373AA97}.Debug|Any CPU.Build.0 = Debug|Any CPU
		{50255D88-3B47-40A7-9CE3-FB243373AA97}.Release|Any CPU.ActiveCfg = Release|Any CPU
		{50255D88-3B47-40A7-9CE3-FB243373AA97}.Release|Any CPU.Build.0 = Release|Any CPU
		{B5B97F05-4314-48D6-B072-DD66045ECB6B}.Debug|Any CPU.ActiveCfg = Debug|Any CPU
		{B5B97F05-4314-48D6-B072-DD66045ECB6B}.Debug|Any CPU.Build.0 = Debug|Any CPU
		{B5B97F05-4314-48D6-B072-DD66045ECB6B}.Release|Any CPU.ActiveCfg = Release|Any CPU
		{B5B97F05-4314-48D6-B072-DD66045ECB6B}.Release|Any CPU.Build.0 = Release|Any CPU
		{DD5FF70E-3B7F-425F-9F78-DD2533B13AAD}.Debug|Any CPU.ActiveCfg = Debug|Any CPU
		{DD5FF70E-3B7F-425F-9F78-DD2533B13AAD}.Debug|Any CPU.Build.0 = Debug|Any CPU
		{DD5FF70E-3B7F-425F-9F78-DD2533B13AAD}.Release|Any CPU.ActiveCfg = Release|Any CPU
		{DD5FF70E-3B7F-425F-9F78-DD2533B13AAD}.Release|Any CPU.Build.0 = Release|Any CPU
		{13D18EBA-D707-46F6-803B-81C3B9B46B9B}.Debug|Any CPU.ActiveCfg = Debug|Any CPU
		{13D18EBA-D707-46F6-803B-81C3B9B46B9B}.Debug|Any CPU.Build.0 = Debug|Any CPU
		{13D18EBA-D707-46F6-803B-81C3B9B46B9B}.Release|Any CPU.ActiveCfg = Release|Any CPU
		{13D18EBA-D707-46F6-803B-81C3B9B46B9B}.Release|Any CPU.Build.0 = Release|Any CPU
		{7AE9D8D0-D79F-48F3-8CAB-F7D8A8B18A72}.Debug|Any CPU.ActiveCfg = Debug|Any CPU
		{7AE9D8D0-D79F-48F3-8CAB-F7D8A8B18A72}.Debug|Any CPU.Build.0 = Debug|Any CPU
		{7AE9D8D0-D79F-48F3-8CAB-F7D8A8B18A72}.Release|Any CPU.ActiveCfg = Release|Any CPU
		{7AE9D8D0-D79F-48F3-8CAB-F7D8A8B18A72}.Release|Any CPU.Build.0 = Release|Any CPU
		{898E4F1C-3F46-4656-A51A-F4FA875D6AA0}.Debug|Any CPU.ActiveCfg = Debug|Any CPU
		{898E4F1C-3F46-4656-A51A-F4FA875D6AA0}.Debug|Any CPU.Build.0 = Debug|Any CPU
		{898E4F1C-3F46-4656-A51A-F4FA875D6AA0}.Release|Any CPU.ActiveCfg = Release|Any CPU
		{898E4F1C-3F46-4656-A51A-F4FA875D6AA0}.Release|Any CPU.Build.0 = Release|Any CPU
	EndGlobalSection
	GlobalSection(SolutionProperties) = preSolution
		HideSolutionNode = FALSE
	EndGlobalSection
	GlobalSection(NestedProjects) = preSolution
		{1FB2FACB-7BF3-4959-955A-D5633444E7A8} = {A976EC19-904A-48A7-96F9-F02D1F7F6168}
		{56DC8A02-101A-4CE1-8404-53A0E26E3E73} = {52C4341B-CD64-45BD-B947-17922FA32464}
		{B5B97F05-4314-48D6-B072-DD66045ECB6B} = {40683A35-082F-4656-80B4-01D2E64D5881}
		{DD5FF70E-3B7F-425F-9F78-DD2533B13AAD} = {CD64738A-7731-4779-8E84-F591EF2F609F}
		{13D18EBA-D707-46F6-803B-81C3B9B46B9B} = {A976EC19-904A-48A7-96F9-F02D1F7F6168}
		{7AE9D8D0-D79F-48F3-8CAB-F7D8A8B18A72} = {CD64738A-7731-4779-8E84-F591EF2F609F}
	EndGlobalSection
EndGlobal
